
Microsoft Visual Studio Solution File, Format Version 12.00
# Visual Studio Version 16
VisualStudioVersion = 16.0.30517.126
MinimumVisualStudioVersion = 10.0.40219.1
Project("{888888A0-9F3D-457C-B088-3A5042F75D52}") = "Contours", "Contours\Contours.pyproj", "{879D345E-BCCE-48C6-8232-A306DB697DAF}"
EndProject
Global
	GlobalSection(SolutionConfigurationPlatforms) = preSolution
		Debug|Any CPU = Debug|Any CPU
		Release|Any CPU = Release|Any CPU
	EndGlobalSection
	GlobalSection(ProjectConfigurationPlatforms) = postSolution
		{879D345E-BCCE-48C6-8232-A306DB697DAF}.Debug|Any CPU.ActiveCfg = Debug|Any CPU
		{879D345E-BCCE-48C6-8232-A306DB697DAF}.Release|Any CPU.ActiveCfg = Release|Any CPU
	EndGlobalSection
	GlobalSection(SolutionProperties) = preSolution
		HideSolutionNode = FALSE
	EndGlobalSection
	GlobalSection(ExtensibilityGlobals) = postSolution
		SolutionGuid = {89388E4E-66E4-40C0-BA39-10F8B304E81E}
	EndGlobalSection
EndGlobal
